
Microsoft Visual Studio Solution File, Format Version 12.00
# Visual Studio Version 17
VisualStudioVersion = 17.14.36109.1 d17.14
MinimumVisualStudioVersion = 10.0.40219.1
Project("{FAE04EC0-301F-11D3-BF4B-00C04F79EFBC}") = "Caseworker", "Caseworker\Caseworker.csproj", "{C228D51F-F33D-4661-8A87-ABAF8EA2E86D}"
EndProject
Global
	GlobalSection(SolutionConfigurationPlatforms) = preSolution
		Debug|Any CPU = Debug|Any CPU
		Release|Any CPU = Release|Any CPU
	EndGlobalSection
	GlobalSection(ProjectConfigurationPlatforms) = postSolution
		{C228D51F-F33D-4661-8A87-ABAF8EA2E86D}.Debug|Any CPU.ActiveCfg = Debug|Any CPU
		{C228D51F-F33D-4661-8A87-ABAF8EA2E86D}.Debug|Any CPU.Build.0 = Debug|Any CPU
		{C228D51F-F33D-4661-8A87-ABAF8EA2E86D}.Release|Any CPU.ActiveCfg = Release|Any CPU
		{C228D51F-F33D-4661-8A87-ABAF8EA2E86D}.Release|Any CPU.Build.0 = Release|Any CPU
	EndGlobalSection
	GlobalSection(SolutionProperties) = preSolution
		HideSolutionNode = FALSE
	EndGlobalSection
	GlobalSection(ExtensibilityGlobals) = postSolution
		SolutionGuid = {E3FE9000-9046-4B1E-BED9-D768FED5E12D}
	EndGlobalSection
EndGlobal
